
Microsoft Visual Studio Solution File, Format Version 12.00
# Visual Studio Version 17
VisualStudioVersion = 17.0.31903.59
MinimumVisualStudioVersion = 10.0.40219.1
Project("{FAE04EC0-301F-11D3-BF4B-00C04F79EFBC}") = "SperoFlow.Domain", "src\SperoFlow.Domain\SperoFlow.Domain.csproj", "{8C1F0BDB-4E82-49AE-A934-1DAB39956A1D}"
EndProject
Project("{FAE04EC0-301F-11D3-BF4B-00C04F79EFBC}") = "SperoFlow.Contracts", "src\SperoFlow.Contracts\SperoFlow.Contracts.csproj", "{5A2DEBA8-CBD8-4BE3-8B86-0226A19CF2B7}"
EndProject
Project("{FAE04EC0-301F-11D3-BF4B-00C04F79EFBC}") = "SperoFlow.Application", "src\SperoFlow.Application\SperoFlow.Application.csproj", "{B2F23E74-D5FB-4A06-9758-E853A78AFB5E}"
EndProject
Project("{FAE04EC0-301F-11D3-BF4B-00C04F79EFBC}") = "SperoFlow.Infrastructure", "src\SperoFlow.Infrastructure\SperoFlow.Infrastructure.csproj", "{C6A75254-2974-4E34-91BC-64FA4B2C3D4C}"
EndProject
Project("{FAE04EC0-301F-11D3-BF4B-00C04F79EFBC}") = "SperoFlow.Api", "src\SperoFlow.Api\SperoFlow.Api.csproj", "{02AC997D-FACF-4FDD-BDDA-27C29DD4D886}"
EndProject
Project("{FAE04EC0-301F-11D3-BF4B-00C04F79EFBC}") = "SperoFlow.Worker", "src\SperoFlow.Worker\SperoFlow.Worker.csproj", "{22A6E6E4-7BA4-4596-B49F-02BB3B2B88E3}"
EndProject
Project("{FAE04EC0-301F-11D3-BF4B-00C04F79EFBC}") = "SperoFlow.Domain.Tests", "tests\SperoFlow.Domain.Tests\SperoFlow.Domain.Tests.csproj", "{DDB08BA4-E351-4365-851B-87277F0D5381}"
EndProject
Project("{2150E333-8FDC-42A3-9474-1A3956D46DE8}") = "src", "src", "{827E0CD3-B72D-47B6-A68D-7590B98EB39B}"
EndProject
Project("{FAE04EC0-301F-11D3-BF4B-00C04F79EFBC}") = "SperoFlow.Migrator", "src\SperoFlow.Migrator\SperoFlow.Migrator.csproj", "{62039BF2-BF26-4002-B6AF-4934717FBD7A}"
EndProject
Global
	GlobalSection(SolutionConfigurationPlatforms) = preSolution
		Debug|Any CPU = Debug|Any CPU
		Debug|x64 = Debug|x64
		Debug|x86 = Debug|x86
		Release|Any CPU = Release|Any CPU
		Release|x64 = Release|x64
		Release|x86 = Release|x86
	EndGlobalSection
	GlobalSection(ProjectConfigurationPlatforms) = postSolution
		{8C1F0BDB-4E82-49AE-A934-1DAB39956A1D}.Debug|Any CPU.ActiveCfg = Debug|Any CPU
		{8C1F0BDB-4E82-49AE-A934-1DAB39956A1D}.Debug|Any CPU.Build.0 = Debug|Any CPU
		{8C1F0BDB-4E82-49AE-A934-1DAB39956A1D}.Debug|x64.ActiveCfg = Debug|Any CPU
		{8C1F0BDB-4E82-49AE-A934-1DAB39956A1D}.Debug|x64.Build.0 = Debug|Any CPU
		{8C1F0BDB-4E82-49AE-A934-1DAB39956A1D}.Debug|x86.ActiveCfg = Debug|Any CPU
		{8C1F0BDB-4E82-49AE-A934-1DAB39956A1D}.Debug|x86.Build.0 = Debug|Any CPU
		{8C1F0BDB-4E82-49AE-A934-1DAB39956A1D}.Release|Any CPU.ActiveCfg = Release|Any CPU
		{8C1F0BDB-4E82-49AE-A934-1DAB39956A1D}.Release|Any CPU.Build.0 = Release|Any CPU
		{8C1F0BDB-4E82-49AE-A934-1DAB39956A1D}.Release|x64.ActiveCfg = Release|Any CPU
		{8C1F0BDB-4E82-49AE-A934-1DAB39956A1D}.Release|x64.Build.0 = Release|Any CPU
		{8C1F0BDB-4E82-49AE-A934-1DAB39956A1D}.Release|x86.ActiveCfg = Release|Any CPU
		{8C1F0BDB-4E82-49AE-A934-1DAB39956A1D}.Release|x86.Build.0 = Release|Any CPU
		{5A2DEBA8-CBD8-4BE3-8B86-0226A19CF2B7}.Debug|Any CPU.ActiveCfg = Debug|Any CPU
		{5A2DEBA8-CBD8-4BE3-8B86-0226A19CF2B7}.Debug|Any CPU.Build.0 = Debug|Any CPU
		{5A2DEBA8-CBD8-4BE3-8B86-0226A19CF2B7}.Debug|x64.ActiveCfg = Debug|Any CPU
		{5A2DEBA8-CBD8-4BE3-8B86-0226A19CF2B7}.Debug|x64.Build.0 = Debug|Any CPU
		{5A2DEBA8-CBD8-4BE3-8B86-0226A19CF2B7}.Debug|x86.ActiveCfg = Debug|Any CPU
		{5A2DEBA8-CBD8-4BE3-8B86-0226A19CF2B7}.Debug|x86.Build.0 = Debug|Any CPU
		{5A2DEBA8-CBD8-4BE3-8B86-0226A19CF2B7}.Release|Any CPU.ActiveCfg = Release|Any CPU
		{5A2DEBA8-CBD8-4BE3-8B86-0226A19CF2B7}.Release|Any CPU.Build.0 = Release|Any CPU
		{5A2DEBA8-CBD8-4BE3-8B86-0226A19CF2B7}.Release|x64.ActiveCfg = Release|Any CPU
		{5A2DEBA8-CBD8-4BE3-8B86-0226A19CF2B7}.Release|x64.Build.0 = Release|Any CPU
		{5A2DEBA8-CBD8-4BE3-8B86-0226A19CF2B7}.Release|x86.ActiveCfg = Release|Any CPU
		{5A2DEBA8-CBD8-4BE3-8B86-0226A19CF2B7}.Release|x86.Build.0 = Release|Any CPU
		{B2F23E74-D5FB-4A06-9758-E853A78AFB5E}.Debug|Any CPU.ActiveCfg = Debug|Any CPU
		{B2F23E74-D5FB-4A06-9758-E853A78AFB5E}.Debug|Any CPU.Build.0 = Debug|Any CPU
		{B2F23E74-D5FB-4A06-9758-E853A78AFB5E}.Debug|x64.ActiveCfg = Debug|Any CPU
		{B2F23E74-D5FB-4A06-9758-E853A78AFB5E}.Debug|x64.Build.0 = Debug|Any CPU
		{B2F23E74-D5FB-4A06-9758-E853A78AFB5E}.Debug|x86.ActiveCfg = Debug|Any CPU
		{B2F23E74-D5FB-4A06-9758-E853A78AFB5E}.Debug|x86.Build.0 = Debug|Any CPU
		{B2F23E74-D5FB-4A06-9758-E853A78AFB5E}.Release|Any CPU.ActiveCfg = Release|Any CPU
		{B2F23E74-D5FB-4A06-9758-E853A78AFB5E}.Release|Any CPU.Build.0 = Release|Any CPU
		{B2F23E74-D5FB-4A06-9758-E853A78AFB5E}.Release|x64.ActiveCfg = Release|Any CPU
		{B2F23E74-D5FB-4A06-9758-E853A78AFB5E}.Release|x64.Build.0 = Release|Any CPU
		{B2F23E74-D5FB-4A06-9758-E853A78AFB5E}.Release|x86.ActiveCfg = Release|Any CPU
		{B2F23E74-D5FB-4A06-9758-E853A78AFB5E}.Release|x86.Build.0 = Release|Any CPU
		{C6A75254-2974-4E34-91BC-64FA4B2C3D4C}.Debug|Any CPU.ActiveCfg = Debug|Any CPU
		{C6A75254-2974-4E34-91BC-64FA4B2C3D4C}.Debug|Any CPU.Build.0 = Debug|Any CPU
		{C6A75254-2974-4E34-91BC-64FA4B2C3D4C}.Debug|x64.ActiveCfg = Debug|Any CPU
		{C6A75254-2974-4E34-91BC-64FA4B2C3D4C}.Debug|x64.Build.0 = Debug|Any CPU
		{C6A75254-2974-4E34-91BC-64FA4B2C3D4C}.Debug|x86.ActiveCfg = Debug|Any CPU
		{C6A75254-2974-4E34-91BC-64FA4B2C3D4C}.Debug|x86.Build.0 = Debug|Any CPU
		{C6A75254-2974-4E34-91BC-64FA4B2C3D4C}.Release|Any CPU.ActiveCfg = Release|Any CPU
		{C6A75254-2974-4E34-91BC-64FA4B2C3D4C}.Release|Any CPU.Build.0 = Release|Any CPU
		{C6A75254-2974-4E34-91BC-64FA4B2C3D4C}.Release|x64.ActiveCfg = Release|Any CPU
		{C6A75254-2974-4E34-91BC-64FA4B2C3D4C}.Release|x64.Build.0 = Release|Any CPU
		{C6A75254-2974-4E34-91BC-64FA4B2C3D4C}.Release|x86.ActiveCfg = Release|Any CPU
		{C6A75254-2974-4E34-91BC-64FA4B2C3D4C}.Release|x86.Build.0 = Release|Any CPU
		{02AC997D-FACF-4FDD-BDDA-27C29DD4D886}.Debug|Any CPU.ActiveCfg = Debug|Any CPU
		{02AC997D-FACF-4FDD-BDDA-27C29DD4D886}.Debug|Any CPU.Build.0 = Debug|Any CPU
		{02AC997D-FACF-4FDD-BDDA-27C29DD4D886}.Debug|x64.ActiveCfg = Debug|Any CPU
		{02AC997D-FACF-4FDD-BDDA-27C29DD4D886}.Debug|x64.Build.0 = Debug|Any CPU
		{02AC997D-FACF-4FDD-BDDA-27C29DD4D886}.Debug|x86.ActiveCfg = Debug|Any CPU
		{02AC997D-FACF-4FDD-BDDA-27C29DD4D886}.Debug|x86.Build.0 = Debug|Any CPU
		{02AC997D-FACF-4FDD-BDDA-27C29DD4D886}.Release|Any CPU.ActiveCfg = Release|Any CPU
		{02AC997D-FACF-4FDD-BDDA-27C29DD4D886}.Release|Any CPU.Build.0 = Release|Any CPU
		{02AC997D-FACF-4FDD-BDDA-27C29DD4D886}.Release|x64.ActiveCfg = Release|Any CPU
		{02AC997D-FACF-4FDD-BDDA-27C29DD4D886}.Release|x64.Build.0 = Release|Any CPU
		{02AC997D-FACF-4FDD-BDDA-27C29DD4D886}.Release|x86.ActiveCfg = Release|Any CPU
		{02AC997D-FACF-4FDD-BDDA-27C29DD4D886}.Release|x86.Build.0 = Release|Any CPU
		{22A6E6E4-7BA4-4596-B49F-02BB3B2B88E3}.Debug|Any CPU.ActiveCfg = Debug|Any CPU
		{22A6E6E4-7BA4-4596-B49F-02BB3B2B88E3}.Debug|Any CPU.Build.0 = Debug|Any CPU
		{22A6E6E4-7BA4-4596-B49F-02BB3B2B88E3}.Debug|x64.ActiveCfg = Debug|Any CPU
		{22A6E6E4-7BA4-4596-B49F-02BB3B2B88E3}.Debug|x64.Build.0 = Debug|Any CPU
		{22A6E6E4-7BA4-4596-B49F-02BB3B2B88E3}.Debug|x86.ActiveCfg = Debug|Any CPU
		{22A6E6E4-7BA4-4596-B49F-02BB3B2B88E3}.Debug|x86.Build.0 = Debug|Any CPU
		{22A6E6E4-7BA4-4596-B49F-02BB3B2B88E3}.Release|Any CPU.ActiveCfg = Release|Any CPU
		{22A6E6E4-7BA4-4596-B49F-02BB3B2B88E3}.Release|Any CPU.Build.0 = Release|Any CPU
		{22A6E6E4-7BA4-4596-B49F-02BB3B2B88E3}.Release|x64.ActiveCfg = Release|Any CPU
		{22A6E6E4-7BA4-4596-B49F-02BB3B2B88E3}.Release|x64.Build.0 = Release|Any CPU
		{22A6E6E4-7BA4-4596-B49F-02BB3B2B88E3}.Release|x86.ActiveCfg = Release|Any CPU
		{22A6E6E4-7BA4-4596-B49F-02BB3B2B88E3}.Release|x86.Build.0 = Release|Any CPU
		{DDB08BA4-E351-4365-851B-87277F0D5381}.Debug|Any CPU.ActiveCfg = Debug|Any CPU
		{DDB08BA4-E351-4365-851B-87277F0D5381}.Debug|Any CPU.Build.0 = Debug|Any CPU
		{DDB08BA4-E351-4365-851B-87277F0D5381}.Debug|x64.ActiveCfg = Debug|Any CPU
		{DDB08BA4-E351-4365-851B-87277F0D5381}.Debug|x64.Build.0 = Debug|Any CPU
		{DDB08BA4-E351-4365-851B-87277F0D5381}.Debug|x86.ActiveCfg = Debug|Any CPU
		{DDB08BA4-E351-4365-851B-87277F0D5381}.Debug|x86.Build.0 = Debug|Any CPU
		{DDB08BA4-E351-4365-851B-87277F0D5381}.Release|Any CPU.ActiveCfg = Release|Any CPU
		{DDB08BA4-E351-4365-851B-87277F0D5381}.Release|Any CPU.Build.0 = Release|Any CPU
		{DDB08BA4-E351-4365-851B-87277F0D5381}.Release|x64.ActiveCfg = Release|Any CPU
		{DDB08BA4-E351-4365-851B-87277F0D5381}.Release|x64.Build.0 = Release|Any CPU
		{DDB08BA4-E351-4365-851B-87277F0D5381}.Release|x86.ActiveCfg = Release|Any CPU
		{DDB08BA4-E351-4365-851B-87277F0D5381}.Release|x86.Build.0 = Release|Any CPU
		{62039BF2-BF26-4002-B6AF-4934717FBD7A}.Debug|Any CPU.ActiveCfg = Debug|Any CPU
		{62039BF2-BF26-4002-B6AF-4934717FBD7A}.Debug|Any CPU.Build.0 = Debug|Any CPU
		{62039BF2-BF26-4002-B6AF-4934717FBD7A}.Debug|x64.ActiveCfg = Debug|Any CPU
		{62039BF2-BF26-4002-B6AF-4934717FBD7A}.Debug|x64.Build.0 = Debug|Any CPU
		{62039BF2-BF26-4002-B6AF-4934717FBD7A}.Debug|x86.ActiveCfg = Debug|Any CPU
		{62039BF2-BF26-4002-B6AF-4934717FBD7A}.Debug|x86.Build.0 = Debug|Any CPU
		{62039BF2-BF26-4002-B6AF-4934717FBD7A}.Release|Any CPU.ActiveCfg = Release|Any CPU
		{62039BF2-BF26-4002-B6AF-4934717FBD7A}.Release|Any CPU.Build.0 = Release|Any CPU
		{62039BF2-BF26-4002-B6AF-4934717FBD7A}.Release|x64.ActiveCfg = Release|Any CPU
		{62039BF2-BF26-4002-B6AF-4934717FBD7A}.Release|x64.Build.0 = Release|Any CPU
		{62039BF2-BF26-4002-B6AF-4934717FBD7A}.Release|x86.ActiveCfg = Release|Any CPU
		{62039BF2-BF26-4002-B6AF-4934717FBD7A}.Release|x86.Build.0 = Release|Any CPU
	EndGlobalSection
	GlobalSection(SolutionProperties) = preSolution
		HideSolutionNode = FALSE
	EndGlobalSection
	GlobalSection(NestedProjects) = preSolution
		{62039BF2-BF26-4002-B6AF-4934717FBD7A} = {827E0CD3-B72D-47B6-A68D-7590B98EB39B}
	EndGlobalSection
EndGlobal
